
Microsoft Visual Studio Solution File, Format Version 12.00
# Visual Studio 15
VisualStudioVersion = 15.0.28010.2041
MinimumVisualStudioVersion = 10.0.40219.1
Project("{FAE04EC0-301F-11D3-BF4B-00C04F79EFBC}") = "CincyLib", "CincyLib\CincyLib.csproj", "{5280FBF9-146F-4744-A635-1B99BA637419}"
EndProject
Global
	GlobalSection(SolutionConfigurationPlatforms) = preSolution
		Debug|Any CPU = Debug|Any CPU
		Release|Any CPU = Release|Any CPU
	EndGlobalSection
	GlobalSection(ProjectConfigurationPlatforms) = postSolution
		{5280FBF9-146F-4744-A635-1B99BA637419}.Debug|Any CPU.ActiveCfg = Debug|Any CPU
		{5280FBF9-146F-4744-A635-1B99BA637419}.Debug|Any CPU.Build.0 = Debug|Any CPU
		{5280FBF9-146F-4744-A635-1B99BA637419}.Release|Any CPU.ActiveCfg = Release|Any CPU
		{5280FBF9-146F-4744-A635-1B99BA637419}.Release|Any CPU.Build.0 = Release|Any CPU
	EndGlobalSection
	GlobalSection(SolutionProperties) = preSolution
		HideSolutionNode = FALSE
	EndGlobalSection
	GlobalSection(ExtensibilityGlobals) = postSolution
		SolutionGuid = {4CFD5565-63AD-41E8-8F15-EA2F5E149F8C}
	EndGlobalSection
EndGlobal
